
Microsoft Visual Studio Solution File, Format Version 12.00
# Visual Studio Version 17
VisualStudioVersion = 17.5.002.0
MinimumVisualStudioVersion = 10.0.40219.1
Project("{9A19103F-16F7-4668-BE54-9A1E7A4F7556}") = "SumCalculator", "SumCalculator.csproj", "{F9B3E26D-9775-4088-82D7-02626397688F}"
EndProject
Global
	GlobalSection(SolutionConfigurationPlatforms) = preSolution
		Debug|Any CPU = Debug|Any CPU
		Release|Any CPU = Release|Any CPU
	EndGlobalSection
	GlobalSection(ProjectConfigurationPlatforms) = postSolution
		{F9B3E26D-9775-4088-82D7-02626397688F}.Debug|Any CPU.ActiveCfg = Debug|Any CPU
		{F9B3E26D-9775-4088-82D7-02626397688F}.Debug|Any CPU.Build.0 = Debug|Any CPU
		{F9B3E26D-9775-4088-82D7-02626397688F}.Release|Any CPU.ActiveCfg = Release|Any CPU
		{F9B3E26D-9775-4088-82D7-02626397688F}.Release|Any CPU.Build.0 = Release|Any CPU
	EndGlobalSection
	GlobalSection(SolutionProperties) = preSolution
		HideSolutionNode = FALSE
	EndGlobalSection
	GlobalSection(ExtensibilityGlobals) = postSolution
		SolutionGuid = {FB810CE0-C463-4955-9CC3-9E9D7D7614A5}
	EndGlobalSection
EndGlobal
